{
  "version": 4,
  "terraform_version": "1.10.5",
  "serial": 7,
  "lineage": "7bf145c3-8080-bbeb-58fb-a539b9aaffc7",
  "outputs": {},
  "resources": [
    {
      "mode": "data",
      "type": "azurerm_key_vault",
      "name": "example",
      "provider": "provider[\"registry.terraform.io/hashicorp/azurerm\"]",
      "instances": [
        {
          "schema_version": 0,
          "attributes": {
            "access_policy": [],
            "enable_rbac_authorization": true,
            "enabled_for_deployment": false,
            "enabled_for_disk_encryption": false,
            "enabled_for_template_deployment": false,
            "id": "/subscriptions/342eadbc-a7b0-431d-b704-ea9b724c6b6f/resourceGroups/terraform-rg/providers/Microsoft.KeyVault/vaults/keyvaultTF",
            "location": "eastus",
            "name": "keyvaultTF",
            "network_acls": [
              {
                "bypass": "None",
                "default_action": "Allow",
                "ip_rules": [],
                "virtual_network_subnet_ids": []
              }
            ],
            "public_network_access_enabled": true,
            "purge_protection_enabled": false,
            "resource_group_name": "terraform-rg",
            "sku_name": "standard",
            "tags": {},
            "tenant_id": "92d090ef-a1e8-4979-908a-b455e09e27d3",
            "timeouts": null,
            "vault_uri": "https://keyvaulttf.vault.azure.net/"
          },
          "sensitive_attributes": []
        }
      ]
    },
    {
      "mode": "data",
      "type": "azurerm_key_vault_secret",
      "name": "vm_password",
      "provider": "provider[\"registry.terraform.io/hashicorp/azurerm\"]",
      "instances": [
        {
          "schema_version": 0,
          "attributes": {
            "content_type": "",
            "expiration_date": null,
            "id": "https://keyvaulttf.vault.azure.net/secrets/secret/5dada048cd1c4487a8a6c1b7e4f82557",
            "key_vault_id": "/subscriptions/342eadbc-a7b0-431d-b704-ea9b724c6b6f/resourceGroups/terraform-rg/providers/Microsoft.KeyVault/vaults/keyvaultTF",
            "name": "secret",
            "not_before_date": null,
            "resource_id": "/subscriptions/342eadbc-a7b0-431d-b704-ea9b724c6b6f/resourceGroups/terraform-rg/providers/Microsoft.KeyVault/vaults/keyvaultTF/secrets/secret/versions/5dada048cd1c4487a8a6c1b7e4f82557",
            "resource_versionless_id": "/subscriptions/342eadbc-a7b0-431d-b704-ea9b724c6b6f/resourceGroups/terraform-rg/providers/Microsoft.KeyVault/vaults/keyvaultTF/secrets/secret",
            "tags": {},
            "timeouts": null,
            "value": "Disney@12345",
            "version": "5dada048cd1c4487a8a6c1b7e4f82557",
            "versionless_id": "https://keyvaulttf.vault.azure.net/secrets/secret"
          },
          "sensitive_attributes": [
            [
              {
                "type": "get_attr",
                "value": "value"
              }
            ]
          ]
        }
      ]
    },
    {
      "mode": "data",
      "type": "azurerm_resource_group",
      "name": "example",
      "provider": "provider[\"registry.terraform.io/hashicorp/azurerm\"]",
      "instances": [
        {
          "schema_version": 0,
          "attributes": {
            "id": "/subscriptions/342eadbc-a7b0-431d-b704-ea9b724c6b6f/resourceGroups/terraform-rg",
            "location": "northeurope",
            "managed_by": "",
            "name": "terraform-rg",
            "tags": {},
            "timeouts": null
          },
          "sensitive_attributes": []
        }
      ]
    },
    {
      "mode": "managed",
      "type": "azurerm_network_interface",
      "name": "example",
      "provider": "provider[\"registry.terraform.io/hashicorp/azurerm\"]",
      "instances": [
        {
          "schema_version": 0,
          "attributes": {
            "accelerated_networking_enabled": false,
            "applied_dns_servers": [],
            "auxiliary_mode": "",
            "auxiliary_sku": "",
            "dns_servers": [],
            "edge_zone": "",
            "id": "/subscriptions/342eadbc-a7b0-431d-b704-ea9b724c6b6f/resourceGroups/terraform-rg/providers/Microsoft.Network/networkInterfaces/nic-example",
            "internal_dns_name_label": "",
            "internal_domain_name_suffix": "lflqhzxjuruu1fwmi3wwm1tmqe.fx.internal.cloudapp.net",
            "ip_configuration": [
              {
                "gateway_load_balancer_frontend_ip_configuration_id": "",
                "name": "internal",
                "primary": true,
                "private_ip_address": "10.0.1.4",
                "private_ip_address_allocation": "Dynamic",
                "private_ip_address_version": "IPv4",
                "public_ip_address_id": "",
                "subnet_id": "/subscriptions/342eadbc-a7b0-431d-b704-ea9b724c6b6f/resourceGroups/terraform-rg/providers/Microsoft.Network/virtualNetworks/vnet-example/subnets/subnet-example"
              }
            ],
            "ip_forwarding_enabled": false,
            "location": "northeurope",
            "mac_address": "7C-ED-8D-2E-82-7D",
            "name": "nic-example",
            "private_ip_address": "10.0.1.4",
            "private_ip_addresses": [
              "10.0.1.4"
            ],
            "resource_group_name": "terraform-rg",
            "tags": {},
            "timeouts": null,
            "virtual_machine_id": "/subscriptions/342eadbc-a7b0-431d-b704-ea9b724c6b6f/resourceGroups/terraform-rg/providers/Microsoft.Compute/virtualMachines/vm-example"
          },
          "sensitive_attributes": [],
          "private": "eyJlMmJmYjczMC1lY2FhLTExZTYtOGY4OC0zNDM2M2JjN2M0YzAiOnsiY3JlYXRlIjoxODAwMDAwMDAwMDAwLCJkZWxldGUiOjE4MDAwMDAwMDAwMDAsInJlYWQiOjMwMDAwMDAwMDAwMCwidXBkYXRlIjoxODAwMDAwMDAwMDAwfX0=",
          "dependencies": [
            "azurerm_subnet.example",
            "azurerm_virtual_network.example",
            "data.azurerm_resource_group.example"
          ]
        }
      ]
    },
    {
      "mode": "managed",
      "type": "azurerm_subnet",
      "name": "example",
      "provider": "provider[\"registry.terraform.io/hashicorp/azurerm\"]",
      "instances": [
        {
          "schema_version": 0,
          "attributes": {
            "address_prefixes": [
              "10.0.1.0/24"
            ],
            "default_outbound_access_enabled": true,
            "delegation": [],
            "id": "/subscriptions/342eadbc-a7b0-431d-b704-ea9b724c6b6f/resourceGroups/terraform-rg/providers/Microsoft.Network/virtualNetworks/vnet-example/subnets/subnet-example",
            "name": "subnet-example",
            "private_endpoint_network_policies": "Disabled",
            "private_link_service_network_policies_enabled": true,
            "resource_group_name": "terraform-rg",
            "service_endpoint_policy_ids": [],
            "service_endpoints": [],
            "timeouts": null,
            "virtual_network_name": "vnet-example"
          },
          "sensitive_attributes": [],
          "private": "eyJlMmJmYjczMC1lY2FhLTExZTYtOGY4OC0zNDM2M2JjN2M0YzAiOnsiY3JlYXRlIjoxODAwMDAwMDAwMDAwLCJkZWxldGUiOjE4MDAwMDAwMDAwMDAsInJlYWQiOjMwMDAwMDAwMDAwMCwidXBkYXRlIjoxODAwMDAwMDAwMDAwfX0=",
          "dependencies": [
            "azurerm_virtual_network.example",
            "data.azurerm_resource_group.example"
          ]
        }
      ]
    },
    {
      "mode": "managed",
      "type": "azurerm_virtual_network",
      "name": "example",
      "provider": "provider[\"registry.terraform.io/hashicorp/azurerm\"]",
      "instances": [
        {
          "schema_version": 0,
          "attributes": {
            "address_space": [
              "10.0.0.0/16"
            ],
            "bgp_community": "",
            "ddos_protection_plan": [],
            "dns_servers": [],
            "edge_zone": "",
            "encryption": [],
            "flow_timeout_in_minutes": 0,
            "guid": "e6035759-a4e9-4d69-96cc-476d666e6c84",
            "id": "/subscriptions/342eadbc-a7b0-431d-b704-ea9b724c6b6f/resourceGroups/terraform-rg/providers/Microsoft.Network/virtualNetworks/vnet-example",
            "location": "northeurope",
            "name": "vnet-example",
            "private_endpoint_vnet_policies": "Disabled",
            "resource_group_name": "terraform-rg",
            "subnet": [
              {
                "address_prefixes": [
                  "10.0.1.0/24"
                ],
                "default_outbound_access_enabled": true,
                "delegation": [],
                "id": "/subscriptions/342eadbc-a7b0-431d-b704-ea9b724c6b6f/resourceGroups/terraform-rg/providers/Microsoft.Network/virtualNetworks/vnet-example/subnets/subnet-example",
                "name": "subnet-example",
                "private_endpoint_network_policies": "Disabled",
                "private_link_service_network_policies_enabled": true,
                "route_table_id": "",
                "security_group": "",
                "service_endpoint_policy_ids": [],
                "service_endpoints": []
              }
            ],
            "tags": {},
            "timeouts": null
          },
          "sensitive_attributes": [],
          "private": "eyJlMmJmYjczMC1lY2FhLTExZTYtOGY4OC0zNDM2M2JjN2M0YzAiOnsiY3JlYXRlIjoxODAwMDAwMDAwMDAwLCJkZWxldGUiOjE4MDAwMDAwMDAwMDAsInJlYWQiOjMwMDAwMDAwMDAwMCwidXBkYXRlIjoxODAwMDAwMDAwMDAwfX0=",
          "dependencies": [
            "data.azurerm_resource_group.example"
          ]
        }
      ]
    },
    {
      "mode": "managed",
      "type": "azurerm_windows_virtual_machine",
      "name": "example",
      "provider": "provider[\"registry.terraform.io/hashicorp/azurerm\"]",
      "instances": [
        {
          "schema_version": 0,
          "attributes": {
            "additional_capabilities": [],
            "additional_unattend_content": [],
            "admin_password": "Disney@12345",
            "admin_username": "adminuser",
            "allow_extension_operations": true,
            "availability_set_id": "",
            "boot_diagnostics": [],
            "bypass_platform_safety_checks_on_user_schedule_enabled": false,
            "capacity_reservation_group_id": "",
            "computer_name": "vm-example",
            "custom_data": null,
            "dedicated_host_group_id": "",
            "dedicated_host_id": "",
            "disk_controller_type": "",
            "edge_zone": "",
            "enable_automatic_updates": true,
            "encryption_at_host_enabled": false,
            "eviction_policy": "",
            "extensions_time_budget": "PT1H30M",
            "gallery_application": [],
            "hotpatching_enabled": false,
            "id": "/subscriptions/342eadbc-a7b0-431d-b704-ea9b724c6b6f/resourceGroups/terraform-rg/providers/Microsoft.Compute/virtualMachines/vm-example",
            "identity": [],
            "license_type": "",
            "location": "northeurope",
            "max_bid_price": -1,
            "name": "vm-example",
            "network_interface_ids": [
              "/subscriptions/342eadbc-a7b0-431d-b704-ea9b724c6b6f/resourceGroups/terraform-rg/providers/Microsoft.Network/networkInterfaces/nic-example"
            ],
            "os_disk": [
              {
                "caching": "ReadWrite",
                "diff_disk_settings": [],
                "disk_encryption_set_id": "",
                "disk_size_gb": 127,
                "id": "/subscriptions/342eadbc-a7b0-431d-b704-ea9b724c6b6f/resourceGroups/terraform-rg/providers/Microsoft.Compute/disks/vm-example_disk1_39d4492d57cc4892a461c990386fd858",
                "name": "vm-example_disk1_39d4492d57cc4892a461c990386fd858",
                "secure_vm_disk_encryption_set_id": "",
                "security_encryption_type": "",
                "storage_account_type": "Standard_LRS",
                "write_accelerator_enabled": false
              }
            ],
            "os_image_notification": [],
            "patch_assessment_mode": "ImageDefault",
            "patch_mode": "AutomaticByOS",
            "plan": [],
            "platform_fault_domain": -1,
            "priority": "Regular",
            "private_ip_address": "10.0.1.4",
            "private_ip_addresses": [
              "10.0.1.4"
            ],
            "provision_vm_agent": true,
            "proximity_placement_group_id": "",
            "public_ip_address": "",
            "public_ip_addresses": [],
            "reboot_setting": "",
            "resource_group_name": "terraform-rg",
            "secret": [],
            "secure_boot_enabled": false,
            "size": "Standard_B1s",
            "source_image_id": "",
            "source_image_reference": [
              {
                "offer": "WindowsServer",
                "publisher": "MicrosoftWindowsServer",
                "sku": "2019-Datacenter",
                "version": "latest"
              }
            ],
            "tags": {
              "environment": "testing"
            },
            "termination_notification": [],
            "timeouts": null,
            "timezone": "",
            "user_data": "",
            "virtual_machine_id": "60033442-f336-45fa-8ee9-ccff3bee80d8",
            "virtual_machine_scale_set_id": "",
            "vm_agent_platform_updates_enabled": true,
            "vtpm_enabled": false,
            "winrm_listener": [],
            "zone": ""
          },
          "sensitive_attributes": [
            [
              {
                "type": "get_attr",
                "value": "custom_data"
              }
            ],
            [
              {
                "type": "get_attr",
                "value": "admin_password"
              }
            ]
          ],
          "private": "eyJlMmJmYjczMC1lY2FhLTExZTYtOGY4OC0zNDM2M2JjN2M0YzAiOnsiY3JlYXRlIjoyNzAwMDAwMDAwMDAwLCJkZWxldGUiOjI3MDAwMDAwMDAwMDAsInJlYWQiOjMwMDAwMDAwMDAwMCwidXBkYXRlIjoyNzAwMDAwMDAwMDAwfX0=",
          "dependencies": [
            "azurerm_network_interface.example",
            "azurerm_subnet.example",
            "azurerm_virtual_network.example",
            "data.azurerm_key_vault.example",
            "data.azurerm_key_vault_secret.vm_password",
            "data.azurerm_resource_group.example"
          ]
        }
      ]
    }
  ],
  "check_results": null
}
